
Microsoft Visual Studio Solution File, Format Version 12.00
# Visual Studio Version 17
VisualStudioVersion = 17.8.34525.116
MinimumVisualStudioVersion = 10.0.40219.1
Project("{FAE04EC0-301F-11D3-BF4B-00C04F79EFBC}") = "MyC#49", "MyC#49\MyC#49.csproj", "{826E2286-50DA-4839-854C-6523AC288EB4}"
EndProject
Global
	GlobalSection(SolutionConfigurationPlatforms) = preSolution
		Debug|Any CPU = Debug|Any CPU
		Release|Any CPU = Release|Any CPU
	EndGlobalSection
	GlobalSection(ProjectConfigurationPlatforms) = postSolution
		{826E2286-50DA-4839-854C-6523AC288EB4}.Debug|Any CPU.ActiveCfg = Debug|Any CPU
		{826E2286-50DA-4839-854C-6523AC288EB4}.Debug|Any CPU.Build.0 = Debug|Any CPU
		{826E2286-50DA-4839-854C-6523AC288EB4}.Release|Any CPU.ActiveCfg = Release|Any CPU
		{826E2286-50DA-4839-854C-6523AC288EB4}.Release|Any CPU.Build.0 = Release|Any CPU
	EndGlobalSection
	GlobalSection(SolutionProperties) = preSolution
		HideSolutionNode = FALSE
	EndGlobalSection
	GlobalSection(ExtensibilityGlobals) = postSolution
		SolutionGuid = {CCB3AA67-148B-4CF1-8EF4-9764B1FB354A}
	EndGlobalSection
EndGlobal
